
Microsoft Visual Studio Solution File, Format Version 10.00
# Visual Studio 2008
Project("{8BC9CEB8-8B4A-11D0-8D11-00A0C91BC942}") = "ParasiteMultiThreaded", "ParasiteMultiThreaded\ParasiteMultiThreaded.vcproj", "{33755927-5359-48D6-AF9C-F255DFD62957}"
EndProject
Global
	GlobalSection(SolutionConfigurationPlatforms) = preSolution
		Debug|Win32 = Debug|Win32
		RELEASE_BUILD|Win32 = RELEASE_BUILD|Win32
		Release|Win32 = Release|Win32
	EndGlobalSection
	GlobalSection(ProjectConfigurationPlatforms) = postSolution
		{33755927-5359-48D6-AF9C-F255DFD62957}.Debug|Win32.ActiveCfg = Debug|Win32
		{33755927-5359-48D6-AF9C-F255DFD62957}.Debug|Win32.Build.0 = Debug|Win32
		{33755927-5359-48D6-AF9C-F255DFD62957}.RELEASE_BUILD|Win32.ActiveCfg = RELEASEBUILD|Win32
		{33755927-5359-48D6-AF9C-F255DFD62957}.RELEASE_BUILD|Win32.Build.0 = RELEASEBUILD|Win32
		{33755927-5359-48D6-AF9C-F255DFD62957}.Release|Win32.ActiveCfg = Release|Win32
		{33755927-5359-48D6-AF9C-F255DFD62957}.Release|Win32.Build.0 = Release|Win32
	EndGlobalSection
	GlobalSection(SolutionProperties) = preSolution
		HideSolutionNode = FALSE
	EndGlobalSection
EndGlobal
